{
  "projects": [
    {
      "projectId": "seaQhLVS4bbjiGvJJrRwyL",
      "version": "15.0.3",
      "dependencies": {},
      "lang": "ts",
      "fileLocks": [
        {
          "assetId": "seaQhLVS4bbjiGvJJrRwyL",
          "type": "projectCss",
          "checksum": "dc88471beadb978e51eb3ceb75d10fdb"
        }
      ]
    },
    {
      "projectId": "a86HqUu8sDz65Ze2P1UsEf",
      "version": "latest",
      "dependencies": {
        "seaQhLVS4bbjiGvJJrRwyL": "15.0.3"
      },
      "lang": "ts",
      "fileLocks": [
        {
          "type": "globalVariant",
          "assetId": "HfksE-Q9JKgIPr",
          "checksum": "02c00c8f23245276814b398bb479c0a1"
        },
        {
          "assetId": "a86HqUu8sDz65Ze2P1UsEf",
          "type": "projectCss",
          "checksum": "07f019ab7fea46c10297e9a4fb76a594"
        },
        {
          "type": "renderModule",
          "assetId": "JJ6PiSIxWxn6N",
          "checksum": "42d4772905d74a0fb8fa7cd497d29639"
        },
        {
          "type": "cssRules",
          "assetId": "JJ6PiSIxWxn6N",
          "checksum": "42d4772905d74a0fb8fa7cd497d29639"
        },
        {
          "type": "renderModule",
          "assetId": "DsRxxGcZ7qKMD",
          "checksum": "1c364e2f774d3a6879e4ba11b4270e83"
        },
        {
          "type": "cssRules",
          "assetId": "DsRxxGcZ7qKMD",
          "checksum": "1c364e2f774d3a6879e4ba11b4270e83"
        },
        {
          "type": "renderModule",
          "assetId": "hBadTY7hHvdiQ",
          "checksum": "1204d815a7da1f3b1e67d72650f94b88"
        },
        {
          "type": "cssRules",
          "assetId": "hBadTY7hHvdiQ",
          "checksum": "1204d815a7da1f3b1e67d72650f94b88"
        },
        {
          "type": "renderModule",
          "assetId": "Vw77QVdxFKx6G",
          "checksum": "ab42cfbefb585cc550d55191379032ca"
        },
        {
          "type": "cssRules",
          "assetId": "Vw77QVdxFKx6G",
          "checksum": "ab42cfbefb585cc550d55191379032ca"
        },
        {
          "type": "renderModule",
          "assetId": "9Lla0OapeRZyP",
          "checksum": "7b6fddc4fff1cf3ee0fcd06047d70bec"
        },
        {
          "type": "cssRules",
          "assetId": "9Lla0OapeRZyP",
          "checksum": "7b6fddc4fff1cf3ee0fcd06047d70bec"
        },
        {
          "type": "renderModule",
          "assetId": "4pujiXwEvi35E",
          "checksum": "c8c6e046aeb7996bdd7a46a74a18350c"
        },
        {
          "type": "cssRules",
          "assetId": "4pujiXwEvi35E",
          "checksum": "c8c6e046aeb7996bdd7a46a74a18350c"
        },
        {
          "type": "renderModule",
          "assetId": "M_qanWxDM2cNF",
          "checksum": "cd956546b45849f058d1c46f7d0210ad"
        },
        {
          "type": "cssRules",
          "assetId": "M_qanWxDM2cNF",
          "checksum": "cd956546b45849f058d1c46f7d0210ad"
        },
        {
          "type": "renderModule",
          "assetId": "HhEo-m8iH6QNO",
          "checksum": "36a8879022d36a121dc056256bfc6533"
        },
        {
          "type": "cssRules",
          "assetId": "HhEo-m8iH6QNO",
          "checksum": "36a8879022d36a121dc056256bfc6533"
        },
        {
          "type": "renderModule",
          "assetId": "VusKHxOGdV-il",
          "checksum": "4192e66702d9603572dd362178a539ad"
        },
        {
          "type": "cssRules",
          "assetId": "VusKHxOGdV-il",
          "checksum": "4192e66702d9603572dd362178a539ad"
        },
        {
          "type": "renderModule",
          "assetId": "nZ63C7x_uOb4DY",
          "checksum": "47b919173dd7b37ae564aea03b70cc52"
        },
        {
          "type": "cssRules",
          "assetId": "nZ63C7x_uOb4DY",
          "checksum": "47b919173dd7b37ae564aea03b70cc52"
        },
        {
          "type": "renderModule",
          "assetId": "s2c6AiaiA1ah7g",
          "checksum": "c15bb13d7ac96c6d01cbfff2bc68188d"
        },
        {
          "type": "cssRules",
          "assetId": "s2c6AiaiA1ah7g",
          "checksum": "c15bb13d7ac96c6d01cbfff2bc68188d"
        },
        {
          "type": "renderModule",
          "assetId": "HZS_tW2-nTFraP",
          "checksum": "eec4da91711ea396dc0887d4e6bd0bb1"
        },
        {
          "type": "cssRules",
          "assetId": "HZS_tW2-nTFraP",
          "checksum": "eec4da91711ea396dc0887d4e6bd0bb1"
        },
        {
          "type": "renderModule",
          "assetId": "Bfp-xsK-dKDE_f",
          "checksum": "35dd301c3aa9b4c9be5dc4a0c2aee5cc"
        },
        {
          "type": "cssRules",
          "assetId": "Bfp-xsK-dKDE_f",
          "checksum": "35dd301c3aa9b4c9be5dc4a0c2aee5cc"
        },
        {
          "type": "renderModule",
          "assetId": "LZLS4ajdSxNxf1",
          "checksum": "0681db44af21f9fedb05e9a25afb8ffc"
        },
        {
          "type": "cssRules",
          "assetId": "LZLS4ajdSxNxf1",
          "checksum": "0681db44af21f9fedb05e9a25afb8ffc"
        },
        {
          "type": "renderModule",
          "assetId": "sTsxpzSVR1gVN3",
          "checksum": "a09ae2acdc67b60e9578c4a7b7c3e651"
        },
        {
          "type": "cssRules",
          "assetId": "sTsxpzSVR1gVN3",
          "checksum": "a09ae2acdc67b60e9578c4a7b7c3e651"
        },
        {
          "type": "renderModule",
          "assetId": "Jn7n8tEPkb",
          "checksum": "ed54795a354edbddc11047f27b8b93d7"
        },
        {
          "type": "cssRules",
          "assetId": "Jn7n8tEPkb",
          "checksum": "ed54795a354edbddc11047f27b8b93d7"
        },
        {
          "type": "icon",
          "assetId": "jVCb6E1jH4pYyK",
          "checksum": "b450183fcbc1841fc4818c199720a7d5"
        },
        {
          "type": "icon",
          "assetId": "Xx9ZYphCGt2U0r",
          "checksum": "a37400fedea90493dc7c713c028b68bc"
        },
        {
          "type": "icon",
          "assetId": "ba6mRMTjugb2Cy",
          "checksum": "9c1286877547a5870d2f379610c2ff77"
        },
        {
          "type": "icon",
          "assetId": "ZFknR2aRZI3md9",
          "checksum": "69237230e18b6b504ab356230f16cd8c"
        },
        {
          "type": "icon",
          "assetId": "SyEaEBaKNAPxHe",
          "checksum": "0eb3d5c0306220fd97b603614537a12e"
        },
        {
          "type": "icon",
          "assetId": "JmuW1q8xhIqLf_",
          "checksum": "0a5c84f43f850c717b4dd7cb7b1cea60"
        },
        {
          "type": "icon",
          "assetId": "bHgRannIvCFpBF",
          "checksum": "dbbd32322cc8f73f26ce21026c894f1b"
        },
        {
          "type": "icon",
          "assetId": "up7mFy27_DmHh_",
          "checksum": "5fa0e5432928c5c0143ef2ab7a7f4f9c"
        },
        {
          "type": "icon",
          "assetId": "SlTh2xF-Djnh8B",
          "checksum": "8c47c01d4d62c2d675a6cde6139a143d"
        },
        {
          "type": "icon",
          "assetId": "norhgvDpp5tIK7",
          "checksum": "57f457296f3ceb6076ac359687d78193"
        },
        {
          "type": "icon",
          "assetId": "xFgVEGZ0UeX0iZ",
          "checksum": "6a6061d22fddaa8f541ac9f52a1b91dc"
        },
        {
          "type": "icon",
          "assetId": "tXUfw9dSP80xdd",
          "checksum": "cb7ec6c5c5dc93daa9026a283925fe13"
        },
        {
          "type": "icon",
          "assetId": "v5mnGQXvwlaHAb",
          "checksum": "2fbd4cbf4c0923e1769b7d461be8ca47"
        },
        {
          "type": "icon",
          "assetId": "qVzKOS0bu_HFcb",
          "checksum": "bf55592e3289834ed214b89a2010761a"
        },
        {
          "type": "icon",
          "assetId": "9hNfEde1x_zgqd",
          "checksum": "739d4b7eaa4eed8135bc7492e5768bf6"
        },
        {
          "type": "icon",
          "assetId": "YxeqMfgkwdB-13",
          "checksum": "d7f9967380011a3e19a8ae4a78d084ae"
        },
        {
          "type": "icon",
          "assetId": "_ETbusPUFTpunW",
          "checksum": "7587804f0f1137d395782bf67edb3b30"
        },
        {
          "type": "icon",
          "assetId": "DdmkZZ-vmtFi6t",
          "checksum": "47952d872c9d3a78477af14c8e734f92"
        },
        {
          "type": "icon",
          "assetId": "hjJgWlBxCnT2VJ",
          "checksum": "e0928d13a2eaa15e2e366bfa8e0fc80b"
        },
        {
          "type": "image",
          "assetId": "jjD_-OUjUMpUcI",
          "checksum": "3d9f2ca35648308bdd51ca623f67e6f8"
        },
        {
          "type": "image",
          "assetId": "LYLCwXjrxw_4cz",
          "checksum": "ab98195769355388748f825cdaafbf9d"
        },
        {
          "type": "image",
          "assetId": "N59J5NDauBlXUy",
          "checksum": "f864a3fc190a0e98efd3d9a8324ad621"
        },
        {
          "type": "image",
          "assetId": "LuMbklJyPSMrMH",
          "checksum": "b204d163a45658a5f6be1973b849443e"
        }
      ]
    }
  ],
  "cliVersion": "0.1.145"
}
